
Microsoft Visual Studio Solution File, Format Version 12.00
# Visual Studio 15
VisualStudioVersion = 15.0.28307.489
MinimumVisualStudioVersion = 10.0.40219.1
Project("{8BC9CEB8-8B4A-11D0-8D11-00A0C91BC942}") = "HvSandboxMonitor", "HvSandboxMonitor\HvSandboxMonitor.vcxproj", "{033AE4C4-E63F-4007-ABAC-A47D97179B4F}"
EndProject
Global
	GlobalSection(SolutionConfigurationPlatforms) = preSolution
		Debug|x64 = Debug|x64
		Debug|x86 = Debug|x86
		Release|x64 = Release|x64
		Release|x86 = Release|x86
	EndGlobalSection
	GlobalSection(ProjectConfigurationPlatforms) = postSolution
		{033AE4C4-E63F-4007-ABAC-A47D97179B4F}.Debug|x64.ActiveCfg = Debug|x64
		{033AE4C4-E63F-4007-ABAC-A47D97179B4F}.Debug|x64.Build.0 = Debug|x64
		{033AE4C4-E63F-4007-ABAC-A47D97179B4F}.Debug|x86.ActiveCfg = Debug|Win32
		{033AE4C4-E63F-4007-ABAC-A47D97179B4F}.Debug|x86.Build.0 = Debug|Win32
		{033AE4C4-E63F-4007-ABAC-A47D97179B4F}.Release|x64.ActiveCfg = Release|x64
		{033AE4C4-E63F-4007-ABAC-A47D97179B4F}.Release|x64.Build.0 = Release|x64
		{033AE4C4-E63F-4007-ABAC-A47D97179B4F}.Release|x86.ActiveCfg = Release|Win32
		{033AE4C4-E63F-4007-ABAC-A47D97179B4F}.Release|x86.Build.0 = Release|Win32
	EndGlobalSection
	GlobalSection(SolutionProperties) = preSolution
		HideSolutionNode = FALSE
	EndGlobalSection
	GlobalSection(ExtensibilityGlobals) = postSolution
		SolutionGuid = {B3ECC304-5AB0-4C0A-AFFE-140E8ECCC2B4}
	EndGlobalSection
EndGlobal
